
Microsoft Visual Studio Solution File, Format Version 12.00
# Visual Studio Version 17
VisualStudioVersion = 17.0.31903.59
MinimumVisualStudioVersion = 10.0.40219.1
Project("{FAE04EC0-301F-11D3-BF4B-00C04F79EFBC}") = "App", "src\App\App.csproj", "{17F0EA33-39D0-4E14-92A6-7808ACFE72B2}"
EndProject
Project("{FAE04EC0-301F-11D3-BF4B-00C04F79EFBC}") = "UI", "src\UI\UI.csproj", "{9FB5A602-4A2A-4AB0-8AD6-8B00D78DB229}"
EndProject
Project("{FAE04EC0-301F-11D3-BF4B-00C04F79EFBC}") = "Application", "src\Application\Application.csproj", "{6BD8D242-ED06-4DF7-B18B-0E53242E6354}"
EndProject
Project("{FAE04EC0-301F-11D3-BF4B-00C04F79EFBC}") = "Domain", "src\Domain\Domain.csproj", "{B55A4F90-958E-41FB-95E7-98E8265F1BFD}"
EndProject
Project("{FAE04EC0-301F-11D3-BF4B-00C04F79EFBC}") = "Infrastructure", "src\Infrastructure\Infrastructure.csproj", "{1AE14C27-A5CF-429A-8B23-B25D1ABFA884}"
EndProject
Project("{FAE04EC0-301F-11D3-BF4B-00C04F79EFBC}") = "DesktopInterop", "src\Interop\DesktopInterop.csproj", "{02160F40-5DD7-4EA5-9A23-849A85C852BB}"
EndProject
Project("{FAE04EC0-301F-11D3-BF4B-00C04F79EFBC}") = "Domain.Tests", "tests\Domain.Tests\Domain.Tests.csproj", "{16F7B65A-1A76-4C23-8748-B1A61F5131A0}"
EndProject
Project("{FAE04EC0-301F-11D3-BF4B-00C04F79EFBC}") = "Application.Tests", "tests\Application.Tests\Application.Tests.csproj", "{EE68E4E3-B391-4381-AF5D-EA12E16FD061}"
EndProject
Project("{2150E333-8FDC-42A3-9474-1A3956D46DE8}") = "src", "src", "{827E0CD3-B72D-47B6-A68D-7590B98EB39B}"
EndProject
Project("{2150E333-8FDC-42A3-9474-1A3956D46DE8}") = "Interop", "Interop", "{714FE075-93F4-E044-ABFD-2AD0D541E9C6}"
EndProject
Project("{2150E333-8FDC-42A3-9474-1A3956D46DE8}") = "tests", "tests", "{0AB3BF05-4346-4AA6-1389-037BE0695223}"
EndProject
Global
	GlobalSection(SolutionConfigurationPlatforms) = preSolution
		Debug|Any CPU = Debug|Any CPU
		Debug|x64 = Debug|x64
		Debug|x86 = Debug|x86
		Release|Any CPU = Release|Any CPU
		Release|x64 = Release|x64
		Release|x86 = Release|x86
	EndGlobalSection
	GlobalSection(ProjectConfigurationPlatforms) = postSolution
		{17F0EA33-39D0-4E14-92A6-7808ACFE72B2}.Debug|Any CPU.ActiveCfg = Debug|Any CPU
		{17F0EA33-39D0-4E14-92A6-7808ACFE72B2}.Debug|Any CPU.Build.0 = Debug|Any CPU
		{17F0EA33-39D0-4E14-92A6-7808ACFE72B2}.Debug|x64.ActiveCfg = Debug|Any CPU
		{17F0EA33-39D0-4E14-92A6-7808ACFE72B2}.Debug|x64.Build.0 = Debug|Any CPU
		{17F0EA33-39D0-4E14-92A6-7808ACFE72B2}.Debug|x86.ActiveCfg = Debug|Any CPU
		{17F0EA33-39D0-4E14-92A6-7808ACFE72B2}.Debug|x86.Build.0 = Debug|Any CPU
		{17F0EA33-39D0-4E14-92A6-7808ACFE72B2}.Release|Any CPU.ActiveCfg = Release|Any CPU
		{17F0EA33-39D0-4E14-92A6-7808ACFE72B2}.Release|Any CPU.Build.0 = Release|Any CPU
		{17F0EA33-39D0-4E14-92A6-7808ACFE72B2}.Release|x64.ActiveCfg = Release|Any CPU
		{17F0EA33-39D0-4E14-92A6-7808ACFE72B2}.Release|x64.Build.0 = Release|Any CPU
		{17F0EA33-39D0-4E14-92A6-7808ACFE72B2}.Release|x86.ActiveCfg = Release|Any CPU
		{17F0EA33-39D0-4E14-92A6-7808ACFE72B2}.Release|x86.Build.0 = Release|Any CPU
		{9FB5A602-4A2A-4AB0-8AD6-8B00D78DB229}.Debug|Any CPU.ActiveCfg = Debug|Any CPU
		{9FB5A602-4A2A-4AB0-8AD6-8B00D78DB229}.Debug|Any CPU.Build.0 = Debug|Any CPU
		{9FB5A602-4A2A-4AB0-8AD6-8B00D78DB229}.Debug|x64.ActiveCfg = Debug|Any CPU
		{9FB5A602-4A2A-4AB0-8AD6-8B00D78DB229}.Debug|x64.Build.0 = Debug|Any CPU
		{9FB5A602-4A2A-4AB0-8AD6-8B00D78DB229}.Debug|x86.ActiveCfg = Debug|Any CPU
		{9FB5A602-4A2A-4AB0-8AD6-8B00D78DB229}.Debug|x86.Build.0 = Debug|Any CPU
		{9FB5A602-4A2A-4AB0-8AD6-8B00D78DB229}.Release|Any CPU.ActiveCfg = Release|Any CPU
		{9FB5A602-4A2A-4AB0-8AD6-8B00D78DB229}.Release|Any CPU.Build.0 = Release|Any CPU
		{9FB5A602-4A2A-4AB0-8AD6-8B00D78DB229}.Release|x64.ActiveCfg = Release|Any CPU
		{9FB5A602-4A2A-4AB0-8AD6-8B00D78DB229}.Release|x64.Build.0 = Release|Any CPU
		{9FB5A602-4A2A-4AB0-8AD6-8B00D78DB229}.Release|x86.ActiveCfg = Release|Any CPU
		{9FB5A602-4A2A-4AB0-8AD6-8B00D78DB229}.Release|x86.Build.0 = Release|Any CPU
		{6BD8D242-ED06-4DF7-B18B-0E53242E6354}.Debug|Any CPU.ActiveCfg = Debug|Any CPU
		{6BD8D242-ED06-4DF7-B18B-0E53242E6354}.Debug|Any CPU.Build.0 = Debug|Any CPU
		{6BD8D242-ED06-4DF7-B18B-0E53242E6354}.Debug|x64.ActiveCfg = Debug|Any CPU
		{6BD8D242-ED06-4DF7-B18B-0E53242E6354}.Debug|x64.Build.0 = Debug|Any CPU
		{6BD8D242-ED06-4DF7-B18B-0E53242E6354}.Debug|x86.ActiveCfg = Debug|Any CPU
		{6BD8D242-ED06-4DF7-B18B-0E53242E6354}.Debug|x86.Build.0 = Debug|Any CPU
		{6BD8D242-ED06-4DF7-B18B-0E53242E6354}.Release|Any CPU.ActiveCfg = Release|Any CPU
		{6BD8D242-ED06-4DF7-B18B-0E53242E6354}.Release|Any CPU.Build.0 = Release|Any CPU
		{6BD8D242-ED06-4DF7-B18B-0E53242E6354}.Release|x64.ActiveCfg = Release|Any CPU
		{6BD8D242-ED06-4DF7-B18B-0E53242E6354}.Release|x64.Build.0 = Release|Any CPU
		{6BD8D242-ED06-4DF7-B18B-0E53242E6354}.Release|x86.ActiveCfg = Release|Any CPU
		{6BD8D242-ED06-4DF7-B18B-0E53242E6354}.Release|x86.Build.0 = Release|Any CPU
		{B55A4F90-958E-41FB-95E7-98E8265F1BFD}.Debug|Any CPU.ActiveCfg = Debug|Any CPU
		{B55A4F90-958E-41FB-95E7-98E8265F1BFD}.Debug|Any CPU.Build.0 = Debug|Any CPU
		{B55A4F90-958E-41FB-95E7-98E8265F1BFD}.Debug|x64.ActiveCfg = Debug|Any CPU
		{B55A4F90-958E-41FB-95E7-98E8265F1BFD}.Debug|x64.Build.0 = Debug|Any CPU
		{B55A4F90-958E-41FB-95E7-98E8265F1BFD}.Debug|x86.ActiveCfg = Debug|Any CPU
		{B55A4F90-958E-41FB-95E7-98E8265F1BFD}.Debug|x86.Build.0 = Debug|Any CPU
		{B55A4F90-958E-41FB-95E7-98E8265F1BFD}.Release|Any CPU.ActiveCfg = Release|Any CPU
		{B55A4F90-958E-41FB-95E7-98E8265F1BFD}.Release|Any CPU.Build.0 = Release|Any CPU
		{B55A4F90-958E-41FB-95E7-98E8265F1BFD}.Release|x64.ActiveCfg = Release|Any CPU
		{B55A4F90-958E-41FB-95E7-98E8265F1BFD}.Release|x64.Build.0 = Release|Any CPU
		{B55A4F90-958E-41FB-95E7-98E8265F1BFD}.Release|x86.ActiveCfg = Release|Any CPU
		{B55A4F90-958E-41FB-95E7-98E8265F1BFD}.Release|x86.Build.0 = Release|Any CPU
		{1AE14C27-A5CF-429A-8B23-B25D1ABFA884}.Debug|Any CPU.ActiveCfg = Debug|Any CPU
		{1AE14C27-A5CF-429A-8B23-B25D1ABFA884}.Debug|Any CPU.Build.0 = Debug|Any CPU
		{1AE14C27-A5CF-429A-8B23-B25D1ABFA884}.Debug|x64.ActiveCfg = Debug|Any CPU
		{1AE14C27-A5CF-429A-8B23-B25D1ABFA884}.Debug|x64.Build.0 = Debug|Any CPU
		{1AE14C27-A5CF-429A-8B23-B25D1ABFA884}.Debug|x86.ActiveCfg = Debug|Any CPU
		{1AE14C27-A5CF-429A-8B23-B25D1ABFA884}.Debug|x86.Build.0 = Debug|Any CPU
		{1AE14C27-A5CF-429A-8B23-B25D1ABFA884}.Release|Any CPU.ActiveCfg = Release|Any CPU
		{1AE14C27-A5CF-429A-8B23-B25D1ABFA884}.Release|Any CPU.Build.0 = Release|Any CPU
		{1AE14C27-A5CF-429A-8B23-B25D1ABFA884}.Release|x64.ActiveCfg = Release|Any CPU
		{1AE14C27-A5CF-429A-8B23-B25D1ABFA884}.Release|x64.Build.0 = Release|Any CPU
		{1AE14C27-A5CF-429A-8B23-B25D1ABFA884}.Release|x86.ActiveCfg = Release|Any CPU
		{1AE14C27-A5CF-429A-8B23-B25D1ABFA884}.Release|x86.Build.0 = Release|Any CPU
		{02160F40-5DD7-4EA5-9A23-849A85C852BB}.Debug|Any CPU.ActiveCfg = Debug|Any CPU
		{02160F40-5DD7-4EA5-9A23-849A85C852BB}.Debug|Any CPU.Build.0 = Debug|Any CPU
		{02160F40-5DD7-4EA5-9A23-849A85C852BB}.Debug|x64.ActiveCfg = Debug|Any CPU
		{02160F40-5DD7-4EA5-9A23-849A85C852BB}.Debug|x64.Build.0 = Debug|Any CPU
		{02160F40-5DD7-4EA5-9A23-849A85C852BB}.Debug|x86.ActiveCfg = Debug|Any CPU
		{02160F40-5DD7-4EA5-9A23-849A85C852BB}.Debug|x86.Build.0 = Debug|Any CPU
		{02160F40-5DD7-4EA5-9A23-849A85C852BB}.Release|Any CPU.ActiveCfg = Release|Any CPU
		{02160F40-5DD7-4EA5-9A23-849A85C852BB}.Release|Any CPU.Build.0 = Release|Any CPU
		{02160F40-5DD7-4EA5-9A23-849A85C852BB}.Release|x64.ActiveCfg = Release|Any CPU
		{02160F40-5DD7-4EA5-9A23-849A85C852BB}.Release|x64.Build.0 = Release|Any CPU
		{02160F40-5DD7-4EA5-9A23-849A85C852BB}.Release|x86.ActiveCfg = Release|Any CPU
		{02160F40-5DD7-4EA5-9A23-849A85C852BB}.Release|x86.Build.0 = Release|Any CPU
		{16F7B65A-1A76-4C23-8748-B1A61F5131A0}.Debug|Any CPU.ActiveCfg = Debug|Any CPU
		{16F7B65A-1A76-4C23-8748-B1A61F5131A0}.Debug|Any CPU.Build.0 = Debug|Any CPU
		{16F7B65A-1A76-4C23-8748-B1A61F5131A0}.Debug|x64.ActiveCfg = Debug|Any CPU
		{16F7B65A-1A76-4C23-8748-B1A61F5131A0}.Debug|x64.Build.0 = Debug|Any CPU
		{16F7B65A-1A76-4C23-8748-B1A61F5131A0}.Debug|x86.ActiveCfg = Debug|Any CPU
		{16F7B65A-1A76-4C23-8748-B1A61F5131A0}.Debug|x86.Build.0 = Debug|Any CPU
		{16F7B65A-1A76-4C23-8748-B1A61F5131A0}.Release|Any CPU.ActiveCfg = Release|Any CPU
		{16F7B65A-1A76-4C23-8748-B1A61F5131A0}.Release|Any CPU.Build.0 = Release|Any CPU
		{16F7B65A-1A76-4C23-8748-B1A61F5131A0}.Release|x64.ActiveCfg = Release|Any CPU
		{16F7B65A-1A76-4C23-8748-B1A61F5131A0}.Release|x64.Build.0 = Release|Any CPU
		{16F7B65A-1A76-4C23-8748-B1A61F5131A0}.Release|x86.ActiveCfg = Release|Any CPU
		{16F7B65A-1A76-4C23-8748-B1A61F5131A0}.Release|x86.Build.0 = Release|Any CPU
		{EE68E4E3-B391-4381-AF5D-EA12E16FD061}.Debug|Any CPU.ActiveCfg = Debug|Any CPU
		{EE68E4E3-B391-4381-AF5D-EA12E16FD061}.Debug|Any CPU.Build.0 = Debug|Any CPU
		{EE68E4E3-B391-4381-AF5D-EA12E16FD061}.Debug|x64.ActiveCfg = Debug|Any CPU
		{EE68E4E3-B391-4381-AF5D-EA12E16FD061}.Debug|x64.Build.0 = Debug|Any CPU
		{EE68E4E3-B391-4381-AF5D-EA12E16FD061}.Debug|x86.ActiveCfg = Debug|Any CPU
		{EE68E4E3-B391-4381-AF5D-EA12E16FD061}.Debug|x86.Build.0 = Debug|Any CPU
		{EE68E4E3-B391-4381-AF5D-EA12E16FD061}.Release|Any CPU.ActiveCfg = Release|Any CPU
		{EE68E4E3-B391-4381-AF5D-EA12E16FD061}.Release|Any CPU.Build.0 = Release|Any CPU
		{EE68E4E3-B391-4381-AF5D-EA12E16FD061}.Release|x64.ActiveCfg = Release|Any CPU
		{EE68E4E3-B391-4381-AF5D-EA12E16FD061}.Release|x64.Build.0 = Release|Any CPU
		{EE68E4E3-B391-4381-AF5D-EA12E16FD061}.Release|x86.ActiveCfg = Release|Any CPU
		{EE68E4E3-B391-4381-AF5D-EA12E16FD061}.Release|x86.Build.0 = Release|Any CPU
	EndGlobalSection
	GlobalSection(SolutionProperties) = preSolution
		HideSolutionNode = FALSE
	EndGlobalSection
	GlobalSection(NestedProjects) = preSolution
		{714FE075-93F4-E044-ABFD-2AD0D541E9C6} = {827E0CD3-B72D-47B6-A68D-7590B98EB39B}
	EndGlobalSection
EndGlobal
